<?xml version="1.0" encoding="utf-8"?>
<Project ToolsVersion="4.0" xmlns="http://schemas.microsoft.com/developer/msbuild/2003">
  <ItemGroup>
    <Filter Include="Source">
      <UniqueIdentifier>{D5F4A14A-296F-C4CD-3A23-84F6F0C3C3C1}</UniqueIdentifier>
    </Filter>
    <Filter Include="Source\Scenes">
      <UniqueIdentifier>{AFEFE455-32E3-4766-9CF5-55B02D650CA6}</UniqueIdentifier>
    </Filter>
    <Filter Include="Source\Scripts">
      <UniqueIdentifier>{0BA211BE-3D2B-B761-B652-2DC5B033D0FD}</UniqueIdentifier>
    </Filter>
  </ItemGroup>
  <ItemGroup>
    <ClInclude Include="Source\GameApp.h">
      <Filter>Source</Filter>
    </ClInclude>
    <ClInclude Include="Source\Scenes\SampleScene.h">
      <Filter>Source\Scenes</Filter>
    </ClInclude>
    <ClInclude Include="Source\Scripts\CameraController.h">
      <Filter>Source\Scripts</Filter>
    </ClInclude>
    <ClInclude Include="Source\Scripts\PlayerController.h">
      <Filter>Source\Scripts</Filter>
    </ClInclude>
  </ItemGroup>
  <ItemGroup>
    <ClCompile Include="Source\GameApp.cpp">
      <Filter>Source</Filter>
    </ClCompile>
    <ClCompile Include="Source\Main.cpp">
      <Filter>Source</Filter>
    </ClCompile>
    <ClCompile Include="Source\Scenes\SampleScene.cpp">
      <Filter>Source\Scenes</Filter>
    </ClCompile>
    <ClCompile Include="Source\Scripts\CameraController.cpp">
      <Filter>Source\Scripts</Filter>
    </ClCompile>
    <ClCompile Include="Source\Scripts\PlayerController.cpp">
      <Filter>Source\Scripts</Filter>
    </ClCompile>
  </ItemGroup>
</Project>
